
Microsoft Visual Studio Solution File, Format Version 12.00
# Visual Studio Version 16
VisualStudioVersion = 16.0.31613.86
MinimumVisualStudioVersion = 10.0.40219.1
Project("{FAE04EC0-301F-11D3-BF4B-00C04F79EFBC}") = "Cs programmering basis tråd øvelserOpgave2", "Cs programmering basis tråd øvelserOpgave2\Cs programmering basis tråd øvelserOpgave2.csproj", "{7D596BD0-DC08-435E-9281-49AE0CAAE327}"
EndProject
Global
	GlobalSection(SolutionConfigurationPlatforms) = preSolution
		Debug|Any CPU = Debug|Any CPU
		Release|Any CPU = Release|Any CPU
	EndGlobalSection
	GlobalSection(ProjectConfigurationPlatforms) = postSolution
		{7D596BD0-DC08-435E-9281-49AE0CAAE327}.Debug|Any CPU.ActiveCfg = Debug|Any CPU
		{7D596BD0-DC08-435E-9281-49AE0CAAE327}.Debug|Any CPU.Build.0 = Debug|Any CPU
		{7D596BD0-DC08-435E-9281-49AE0CAAE327}.Release|Any CPU.ActiveCfg = Release|Any CPU
		{7D596BD0-DC08-435E-9281-49AE0CAAE327}.Release|Any CPU.Build.0 = Release|Any CPU
	EndGlobalSection
	GlobalSection(SolutionProperties) = preSolution
		HideSolutionNode = FALSE
	EndGlobalSection
	GlobalSection(ExtensibilityGlobals) = postSolution
		SolutionGuid = {C9EEEE13-F5C0-49E7-9FED-1E6C1A3D9ADD}
	EndGlobalSection
EndGlobal
